
Microsoft Visual Studio Solution File, Format Version 12.00
# Visual Studio Version 17
VisualStudioVersion = 17.14.37411.7 d17.14
MinimumVisualStudioVersion = 10.0.40219.1
Project("{FAE04EC0-301F-11D3-BF4B-00C04F79EFBC}") = "BarcodeScannerLibrary", "BarcodeScannerLibrary.csproj", "{B546CEAD-1DAC-4CD7-99D3-B67D626D0FA8}"
EndProject
Global
	GlobalSection(SolutionConfigurationPlatforms) = preSolution
		Debug|Any CPU = Debug|Any CPU
		Release|Any CPU = Release|Any CPU
	EndGlobalSection
	GlobalSection(ProjectConfigurationPlatforms) = postSolution
		{B546CEAD-1DAC-4CD7-99D3-B67D626D0FA8}.Debug|Any CPU.ActiveCfg = Debug|Any CPU
		{B546CEAD-1DAC-4CD7-99D3-B67D626D0FA8}.Debug|Any CPU.Build.0 = Debug|Any CPU
		{B546CEAD-1DAC-4CD7-99D3-B67D626D0FA8}.Release|Any CPU.ActiveCfg = Release|Any CPU
		{B546CEAD-1DAC-4CD7-99D3-B67D626D0FA8}.Release|Any CPU.Build.0 = Release|Any CPU
	EndGlobalSection
	GlobalSection(SolutionProperties) = preSolution
		HideSolutionNode = FALSE
	EndGlobalSection
	GlobalSection(ExtensibilityGlobals) = postSolution
		SolutionGuid = {B3B351F9-B58E-4915-8CD1-C9B28C05E8FD}
	EndGlobalSection
EndGlobal
