
Microsoft Visual Studio Solution File, Format Version 12.00
# Visual Studio Version 17
VisualStudioVersion = 17.14.37411.7
MinimumVisualStudioVersion = 10.0.40219.1
Project("{FAE04EC0-301F-11D3-BF4B-00C04F79EFBC}") = "BarcodeScannerDemo", "BarcodeScannerDemo.csproj", "{0F7CCBF3-A003-4686-BFE1-D339A86D1EFF}"
EndProject
Project("{FAE04EC0-301F-11D3-BF4B-00C04F79EFBC}") = "BarcodeScannerLibrary", "..\BarcodeScannerLibrary\BarcodeScannerLibrary.csproj", "{DE99F9E6-7C70-4740-3D87-650C63DF371E}"
EndProject
Project("{2150E333-8FDC-42A3-9474-1A3956D46DE8}") = "Solution Items", "Solution Items", "{8EC462FD-D22E-90A8-E5CE-7E832BA40C5D}"
	ProjectSection(SolutionItems) = preProject
		..\.gitignore = ..\.gitignore
		..\README.md = ..\README.md
	EndProjectSection
EndProject
Global
	GlobalSection(SolutionConfigurationPlatforms) = preSolution
		Debug|Any CPU = Debug|Any CPU
		Release|Any CPU = Release|Any CPU
	EndGlobalSection
	GlobalSection(ProjectConfigurationPlatforms) = postSolution
		{0F7CCBF3-A003-4686-BFE1-D339A86D1EFF}.Debug|Any CPU.ActiveCfg = Debug|Any CPU
		{0F7CCBF3-A003-4686-BFE1-D339A86D1EFF}.Debug|Any CPU.Build.0 = Debug|Any CPU
		{0F7CCBF3-A003-4686-BFE1-D339A86D1EFF}.Release|Any CPU.ActiveCfg = Release|Any CPU
		{0F7CCBF3-A003-4686-BFE1-D339A86D1EFF}.Release|Any CPU.Build.0 = Release|Any CPU
		{DE99F9E6-7C70-4740-3D87-650C63DF371E}.Debug|Any CPU.ActiveCfg = Debug|Any CPU
		{DE99F9E6-7C70-4740-3D87-650C63DF371E}.Debug|Any CPU.Build.0 = Debug|Any CPU
		{DE99F9E6-7C70-4740-3D87-650C63DF371E}.Release|Any CPU.ActiveCfg = Release|Any CPU
		{DE99F9E6-7C70-4740-3D87-650C63DF371E}.Release|Any CPU.Build.0 = Release|Any CPU
	EndGlobalSection
	GlobalSection(SolutionProperties) = preSolution
		HideSolutionNode = FALSE
	EndGlobalSection
	GlobalSection(ExtensibilityGlobals) = postSolution
		SolutionGuid = {2ED302AF-4FAB-4744-BFB1-6E305DC27BA7}
	EndGlobalSection
EndGlobal
